
Microsoft Visual Studio Solution File, Format Version 12.00
# Visual Studio 15
VisualStudioVersion = 15.0.27004.2005
MinimumVisualStudioVersion = 10.0.40219.1
Project("{FAE04EC0-301F-11D3-BF4B-00C04F79EFBC}") = "RiverSharp.Mvvm.Samples", "RiverSharp.Mvvm.Samples\RiverSharp.Mvvm.Samples.csproj", "{9169E9F6-8C18-47CE-B681-AEF651F5B299}"
EndProject
Project("{FAE04EC0-301F-11D3-BF4B-00C04F79EFBC}") = "RiverSharp.Mvvm", "RiverSharp.Mvvm\RiverSharp.Mvvm.csproj", "{F12D0B0D-E658-4DF5-A765-71B8E3341C1A}"
EndProject
Global
	GlobalSection(SolutionConfigurationPlatforms) = preSolution
		Debug|Any CPU = Debug|Any CPU
		Release|Any CPU = Release|Any CPU
	EndGlobalSection
	GlobalSection(ProjectConfigurationPlatforms) = postSolution
		{9169E9F6-8C18-47CE-B681-AEF651F5B299}.Debug|Any CPU.ActiveCfg = Debug|Any CPU
		{9169E9F6-8C18-47CE-B681-AEF651F5B299}.Debug|Any CPU.Build.0 = Debug|Any CPU
		{9169E9F6-8C18-47CE-B681-AEF651F5B299}.Release|Any CPU.ActiveCfg = Release|Any CPU
		{9169E9F6-8C18-47CE-B681-AEF651F5B299}.Release|Any CPU.Build.0 = Release|Any CPU
		{F12D0B0D-E658-4DF5-A765-71B8E3341C1A}.Debug|Any CPU.ActiveCfg = Debug|Any CPU
		{F12D0B0D-E658-4DF5-A765-71B8E3341C1A}.Debug|Any CPU.Build.0 = Debug|Any CPU
		{F12D0B0D-E658-4DF5-A765-71B8E3341C1A}.Release|Any CPU.ActiveCfg = Release|Any CPU
		{F12D0B0D-E658-4DF5-A765-71B8E3341C1A}.Release|Any CPU.Build.0 = Release|Any CPU
	EndGlobalSection
	GlobalSection(SolutionProperties) = preSolution
		HideSolutionNode = FALSE
	EndGlobalSection
	GlobalSection(ExtensibilityGlobals) = postSolution
		SolutionGuid = {EF4600F7-8973-4821-A2DC-17DFC8D1080E}
	EndGlobalSection
EndGlobal
